// !$*UTF8*$!
{
	archiveVersion = 1;
	classes = {
	};
	objectVersion = 56;
	objects = {

/* Begin PBXBuildFile section */
		090815A3E8DD62CA7443652B /* Pods_CatsApp_CatsAppUITests.framework in Frameworks */ = {isa = PBXBuildFile; fileRef = 91BB35BE8C645D1CAD167D23 /* Pods_CatsApp_CatsAppUITests.framework */; };
		363201A82AAAFED5009F6398 /* NetworkError.swift in Sources */ = {isa = PBXBuildFile; fileRef = 363201A72AAAFED5009F6398 /* NetworkError.swift */; };
		363201AA2AAB034B009F6398 /* BreedsResponse.json in Resources */ = {isa = PBXBuildFile; fileRef = 363201A92AAB034B009F6398 /* BreedsResponse.json */; };
		363201AC2AAB0442009F6398 /* Mockable.swift in Sources */ = {isa = PBXBuildFile; fileRef = 363201AB2AAB0442009F6398 /* Mockable.swift */; };
		363201B12AAB06E4009F6398 /* HttpClient.swift in Sources */ = {isa = PBXBuildFile; fileRef = 363201B02AAB06E4009F6398 /* HttpClient.swift */; };
		363201B42AAB187E009F6398 /* MockHttpClient.swift in Sources */ = {isa = PBXBuildFile; fileRef = 363201AD2AAB067E009F6398 /* MockHttpClient.swift */; };
		363201B72AAB2FF2009F6398 /* BreedListViewModel.swift in Sources */ = {isa = PBXBuildFile; fileRef = 363201B62AAB2FF2009F6398 /* BreedListViewModel.swift */; };
		363201BA2AAB3448009F6398 /* BreedLocalRepositoryTests.swift in Sources */ = {isa = PBXBuildFile; fileRef = 363201B92AAB3448009F6398 /* BreedLocalRepositoryTests.swift */; };
		363201BC2AAB3FB6009F6398 /* LocalRepository.swift in Sources */ = {isa = PBXBuildFile; fileRef = 363201BB2AAB3FB6009F6398 /* LocalRepository.swift */; };
		363201C02AAB3FF9009F6398 /* BreedService.swift in Sources */ = {isa = PBXBuildFile; fileRef = 363201BF2AAB3FF9009F6398 /* BreedService.swift */; };
		363201C32AAB49F1009F6398 /* BreedsListView.swift in Sources */ = {isa = PBXBuildFile; fileRef = 363201C22AAB49F1009F6398 /* BreedsListView.swift */; };
		365B73C12AAC759500ABCAD3 /* Localizable.strings in Resources */ = {isa = PBXBuildFile; fileRef = 365B73C32AAC759500ABCAD3 /* Localizable.strings */; };
		365C83112AAC520600AB155E /* HttpCodes.swift in Sources */ = {isa = PBXBuildFile; fileRef = 365C83102AAC520600AB155E /* HttpCodes.swift */; };
		365C83132AAC522300AB155E /* DataError.swift in Sources */ = {isa = PBXBuildFile; fileRef = 365C83122AAC522300AB155E /* DataError.swift */; };
		365C83152AAC61A800AB155E /* EmptyResponse.json in Resources */ = {isa = PBXBuildFile; fileRef = 365C83142AAC61A800AB155E /* EmptyResponse.json */; };
		365C83172AAC686B00AB155E /* BreedServiceTests.swift in Sources */ = {isa = PBXBuildFile; fileRef = 365C83162AAC686B00AB155E /* BreedServiceTests.swift */; };
		365C83192AAC68FD00AB155E /* MockLocalRepository.swift in Sources */ = {isa = PBXBuildFile; fileRef = 365C83182AAC68FD00AB155E /* MockLocalRepository.swift */; };
		366DD8E42AAB8C74002FC206 /* BreedItemView.swift in Sources */ = {isa = PBXBuildFile; fileRef = 366DD8E32AAB8C74002FC206 /* BreedItemView.swift */; };
		366DD8E62AAB9408002FC206 /* ImagesRemoteRepository.swift in Sources */ = {isa = PBXBuildFile; fileRef = 366DD8E52AAB9408002FC206 /* ImagesRemoteRepository.swift */; };
		366DD8E82AAB98D9002FC206 /* NetworkService.swift in Sources */ = {isa = PBXBuildFile; fileRef = 366DD8E72AAB98D9002FC206 /* NetworkService.swift */; };
		36A6A8E42AAA019C0085F27C /* CatsApp.swift in Sources */ = {isa = PBXBuildFile; fileRef = 36A6A8E32AAA019C0085F27C /* CatsApp.swift */; };
		36A6A8E62AAA019C0085F27C /* ContentView.swift in Sources */ = {isa = PBXBuildFile; fileRef = 36A6A8E52AAA019C0085F27C /* ContentView.swift */; };
		36A6A8E82AAA019E0085F27C /* Assets.xcassets in Resources */ = {isa = PBXBuildFile; fileRef = 36A6A8E72AAA019E0085F27C /* Assets.xcassets */; };
		36A6A8EB2AAA019E0085F27C /* Preview Assets.xcassets in Resources */ = {isa = PBXBuildFile; fileRef = 36A6A8EA2AAA019E0085F27C /* Preview Assets.xcassets */; };
		36A6A8F52AAA019F0085F27C /* BreedRemoteRepositoryTests.swift in Sources */ = {isa = PBXBuildFile; fileRef = 36A6A8F42AAA019F0085F27C /* BreedRemoteRepositoryTests.swift */; };
		36A6A8FF2AAA019F0085F27C /* CatsAppUITests.swift in Sources */ = {isa = PBXBuildFile; fileRef = 36A6A8FE2AAA019F0085F27C /* CatsAppUITests.swift */; };
		36A6A9012AAA019F0085F27C /* CatsAppUITestsLaunchTests.swift in Sources */ = {isa = PBXBuildFile; fileRef = 36A6A9002AAA019F0085F27C /* CatsAppUITestsLaunchTests.swift */; };
		36A6A9162AAA0CC50085F27C /* Breed.swift in Sources */ = {isa = PBXBuildFile; fileRef = 36A6A9152AAA0CC50085F27C /* Breed.swift */; };
		36A6A91A2AAA29C40085F27C /* BreedRemoteRepository.swift in Sources */ = {isa = PBXBuildFile; fileRef = 36A6A9192AAA29C40085F27C /* BreedRemoteRepository.swift */; };
		36A6A91D2AAA2AB50085F27C /* APICall.swift in Sources */ = {isa = PBXBuildFile; fileRef = 36A6A91C2AAA2AB50085F27C /* APICall.swift */; };
		36A6A91F2AAA31920085F27C /* BreedLocalRepository.swift in Sources */ = {isa = PBXBuildFile; fileRef = 36A6A91E2AAA31920085F27C /* BreedLocalRepository.swift */; };
		36A6A9222AAA3A250085F27C /* Constants.swift in Sources */ = {isa = PBXBuildFile; fileRef = 36A6A9212AAA3A250085F27C /* Constants.swift */; };
		48DC8F8D11EDBA96A0A61D97 /* Pods_CatsAppTests.framework in Frameworks */ = {isa = PBXBuildFile; fileRef = 61DC1DA54C1D850AA1C26073 /* Pods_CatsAppTests.framework */; };
		BA82B77548378A2EC8FD717E /* Pods_CatsApp.framework in Frameworks */ = {isa = PBXBuildFile; fileRef = EA7F29895D8A18E1BD8488A8 /* Pods_CatsApp.framework */; };
/* End PBXBuildFile section */

/* Begin PBXContainerItemProxy section */
		36A6A8F12AAA019F0085F27C /* PBXContainerItemProxy */ = {
			isa = PBXContainerItemProxy;
			containerPortal = 36A6A8D82AAA019C0085F27C /* Project object */;
			proxyType = 1;
			remoteGlobalIDString = 36A6A8DF2AAA019C0085F27C;
			remoteInfo = CatsApp;
		};
		36A6A8FB2AAA019F0085F27C /* PBXContainerItemProxy */ = {
			isa = PBXContainerItemProxy;
			containerPortal = 36A6A8D82AAA019C0085F27C /* Project object */;
			proxyType = 1;
			remoteGlobalIDString = 36A6A8DF2AAA019C0085F27C;
			remoteInfo = CatsApp;
		};
/* End PBXContainerItemProxy section */

/* Begin PBXFileReference section */
		021F8A02D06B7C19818544D5 /* Pods-CatsAppTests.release.xcconfig */ = {isa = PBXFileReference; includeInIndex = 1; lastKnownFileType = text.xcconfig; name = "Pods-CatsAppTests.release.xcconfig"; path = "Target Support Files/Pods-CatsAppTests/Pods-CatsAppTests.release.xcconfig"; sourceTree = "<group>"; };
		1B41377E42F483C82FCD5CE2 /* Pods-CatsApp.release.xcconfig */ = {isa = PBXFileReference; includeInIndex = 1; lastKnownFileType = text.xcconfig; name = "Pods-CatsApp.release.xcconfig"; path = "Target Support Files/Pods-CatsApp/Pods-CatsApp.release.xcconfig"; sourceTree = "<group>"; };
		3590394F82E02AD21AF1C8A0 /* Pods-CatsApp-CatsAppUITests.debug.xcconfig */ = {isa = PBXFileReference; includeInIndex = 1; lastKnownFileType = text.xcconfig; name = "Pods-CatsApp-CatsAppUITests.debug.xcconfig"; path = "Target Support Files/Pods-CatsApp-CatsAppUITests/Pods-CatsApp-CatsAppUITests.debug.xcconfig"; sourceTree = "<group>"; };
		363201A72AAAFED5009F6398 /* NetworkError.swift */ = {isa = PBXFileReference; lastKnownFileType = sourcecode.swift; path = NetworkError.swift; sourceTree = "<group>"; };
		363201A92AAB034B009F6398 /* BreedsResponse.json */ = {isa = PBXFileReference; lastKnownFileType = text.json; path = BreedsResponse.json; sourceTree = "<group>"; };
		363201AB2AAB0442009F6398 /* Mockable.swift */ = {isa = PBXFileReference; lastKnownFileType = sourcecode.swift; path = Mockable.swift; sourceTree = "<group>"; };
		363201AD2AAB067E009F6398 /* MockHttpClient.swift */ = {isa = PBXFileReference; lastKnownFileType = sourcecode.swift; path = MockHttpClient.swift; sourceTree = "<group>"; };
		363201B02AAB06E4009F6398 /* HttpClient.swift */ = {isa = PBXFileReference; lastKnownFileType = sourcecode.swift; path = HttpClient.swift; sourceTree = "<group>"; };
		363201B62AAB2FF2009F6398 /* BreedListViewModel.swift */ = {isa = PBXFileReference; lastKnownFileType = sourcecode.swift; path = BreedListViewModel.swift; sourceTree = "<group>"; };
		363201B92AAB3448009F6398 /* BreedLocalRepositoryTests.swift */ = {isa = PBXFileReference; lastKnownFileType = sourcecode.swift; path = BreedLocalRepositoryTests.swift; sourceTree = "<group>"; };
		363201BB2AAB3FB6009F6398 /* LocalRepository.swift */ = {isa = PBXFileReference; lastKnownFileType = sourcecode.swift; path = LocalRepository.swift; sourceTree = "<group>"; };
		363201BF2AAB3FF9009F6398 /* BreedService.swift */ = {isa = PBXFileReference; lastKnownFileType = sourcecode.swift; path = BreedService.swift; sourceTree = "<group>"; };
		363201C22AAB49F1009F6398 /* BreedsListView.swift */ = {isa = PBXFileReference; lastKnownFileType = sourcecode.swift; path = BreedsListView.swift; sourceTree = "<group>"; };
		365B73C22AAC759500ABCAD3 /* en */ = {isa = PBXFileReference; lastKnownFileType = text.plist.strings; name = en; path = en.lproj/Localizable.strings; sourceTree = "<group>"; };
		365C83102AAC520600AB155E /* HttpCodes.swift */ = {isa = PBXFileReference; lastKnownFileType = sourcecode.swift; path = HttpCodes.swift; sourceTree = "<group>"; };
		365C83122AAC522300AB155E /* DataError.swift */ = {isa = PBXFileReference; lastKnownFileType = sourcecode.swift; path = DataError.swift; sourceTree = "<group>"; };
		365C83142AAC61A800AB155E /* EmptyResponse.json */ = {isa = PBXFileReference; lastKnownFileType = text.json; path = EmptyResponse.json; sourceTree = "<group>"; };
		365C83162AAC686B00AB155E /* BreedServiceTests.swift */ = {isa = PBXFileReference; lastKnownFileType = sourcecode.swift; path = BreedServiceTests.swift; sourceTree = "<group>"; };
		365C83182AAC68FD00AB155E /* MockLocalRepository.swift */ = {isa = PBXFileReference; lastKnownFileType = sourcecode.swift; path = MockLocalRepository.swift; sourceTree = "<group>"; };
		366DD8E32AAB8C74002FC206 /* BreedItemView.swift */ = {isa = PBXFileReference; lastKnownFileType = sourcecode.swift; path = BreedItemView.swift; sourceTree = "<group>"; };
		366DD8E52AAB9408002FC206 /* ImagesRemoteRepository.swift */ = {isa = PBXFileReference; lastKnownFileType = sourcecode.swift; path = ImagesRemoteRepository.swift; sourceTree = "<group>"; };
		366DD8E72AAB98D9002FC206 /* NetworkService.swift */ = {isa = PBXFileReference; lastKnownFileType = sourcecode.swift; path = NetworkService.swift; sourceTree = "<group>"; };
		36A6A8E02AAA019C0085F27C /* CatsApp.app */ = {isa = PBXFileReference; explicitFileType = wrapper.application; includeInIndex = 0; path = CatsApp.app; sourceTree = BUILT_PRODUCTS_DIR; };
		36A6A8E32AAA019C0085F27C /* CatsApp.swift */ = {isa = PBXFileReference; lastKnownFileType = sourcecode.swift; path = CatsApp.swift; sourceTree = "<group>"; };
		36A6A8E52AAA019C0085F27C /* ContentView.swift */ = {isa = PBXFileReference; lastKnownFileType = sourcecode.swift; path = ContentView.swift; sourceTree = "<group>"; };
		36A6A8E72AAA019E0085F27C /* Assets.xcassets */ = {isa = PBXFileReference; lastKnownFileType = folder.assetcatalog; path = Assets.xcassets; sourceTree = "<group>"; };
		36A6A8EA2AAA019E0085F27C /* Preview Assets.xcassets */ = {isa = PBXFileReference; lastKnownFileType = folder.assetcatalog; path = "Preview Assets.xcassets"; sourceTree = "<group>"; };
		36A6A8F02AAA019F0085F27C /* CatsAppTests.xctest */ = {isa = PBXFileReference; explicitFileType = wrapper.cfbundle; includeInIndex = 0; path = CatsAppTests.xctest; sourceTree = BUILT_PRODUCTS_DIR; };
		36A6A8F42AAA019F0085F27C /* BreedRemoteRepositoryTests.swift */ = {isa = PBXFileReference; lastKnownFileType = sourcecode.swift; path = BreedRemoteRepositoryTests.swift; sourceTree = "<group>"; };
		36A6A8FA2AAA019F0085F27C /* CatsAppUITests.xctest */ = {isa = PBXFileReference; explicitFileType = wrapper.cfbundle; includeInIndex = 0; path = CatsAppUITests.xctest; sourceTree = BUILT_PRODUCTS_DIR; };
		36A6A8FE2AAA019F0085F27C /* CatsAppUITests.swift */ = {isa = PBXFileReference; lastKnownFileType = sourcecode.swift; path = CatsAppUITests.swift; sourceTree = "<group>"; };
		36A6A9002AAA019F0085F27C /* CatsAppUITestsLaunchTests.swift */ = {isa = PBXFileReference; lastKnownFileType = sourcecode.swift; path = CatsAppUITestsLaunchTests.swift; sourceTree = "<group>"; };
		36A6A9152AAA0CC50085F27C /* Breed.swift */ = {isa = PBXFileReference; lastKnownFileType = sourcecode.swift; path = Breed.swift; sourceTree = "<group>"; };
		36A6A9192AAA29C40085F27C /* BreedRemoteRepository.swift */ = {isa = PBXFileReference; lastKnownFileType = sourcecode.swift; path = BreedRemoteRepository.swift; sourceTree = "<group>"; };
		36A6A91C2AAA2AB50085F27C /* APICall.swift */ = {isa = PBXFileReference; lastKnownFileType = sourcecode.swift; path = APICall.swift; sourceTree = "<group>"; };
		36A6A91E2AAA31920085F27C /* BreedLocalRepository.swift */ = {isa = PBXFileReference; lastKnownFileType = sourcecode.swift; path = BreedLocalRepository.swift; sourceTree = "<group>"; };
		36A6A9202AAA37A80085F27C /* Info.plist */ = {isa = PBXFileReference; lastKnownFileType = text.plist; path = Info.plist; sourceTree = "<group>"; };
		36A6A9212AAA3A250085F27C /* Constants.swift */ = {isa = PBXFileReference; lastKnownFileType = sourcecode.swift; path = Constants.swift; sourceTree = "<group>"; };
		3809E4D7389EF2DF531DAA4A /* Pods-CatsAppTests.debug.xcconfig */ = {isa = PBXFileReference; includeInIndex = 1; lastKnownFileType = text.xcconfig; name = "Pods-CatsAppTests.debug.xcconfig"; path = "Target Support Files/Pods-CatsAppTests/Pods-CatsAppTests.debug.xcconfig"; sourceTree = "<group>"; };
		61DC1DA54C1D850AA1C26073 /* Pods_CatsAppTests.framework */ = {isa = PBXFileReference; explicitFileType = wrapper.framework; includeInIndex = 0; path = Pods_CatsAppTests.framework; sourceTree = BUILT_PRODUCTS_DIR; };
		91BB35BE8C645D1CAD167D23 /* Pods_CatsApp_CatsAppUITests.framework */ = {isa = PBXFileReference; explicitFileType = wrapper.framework; includeInIndex = 0; path = Pods_CatsApp_CatsAppUITests.framework; sourceTree = BUILT_PRODUCTS_DIR; };
		ACC3194F6B023C7FFE8A8B7F /* Pods-CatsApp-CatsAppUITests.release.xcconfig */ = {isa = PBXFileReference; includeInIndex = 1; lastKnownFileType = text.xcconfig; name = "Pods-CatsApp-CatsAppUITests.release.xcconfig"; path = "Target Support Files/Pods-CatsApp-CatsAppUITests/Pods-CatsApp-CatsAppUITests.release.xcconfig"; sourceTree = "<group>"; };
		E06CA7C18702E3928E2FBB23 /* Pods-CatsApp.debug.xcconfig */ = {isa = PBXFileReference; includeInIndex = 1; lastKnownFileType = text.xcconfig; name = "Pods-CatsApp.debug.xcconfig"; path = "Target Support Files/Pods-CatsApp/Pods-CatsApp.debug.xcconfig"; sourceTree = "<group>"; };
		EA7F29895D8A18E1BD8488A8 /* Pods_CatsApp.framework */ = {isa = PBXFileReference; explicitFileType = wrapper.framework; includeInIndex = 0; path = Pods_CatsApp.framework; sourceTree = BUILT_PRODUCTS_DIR; };
/* End PBXFileReference section */

/* Begin PBXFrameworksBuildPhase section */
		36A6A8DD2AAA019C0085F27C /* Frameworks */ = {
			isa = PBXFrameworksBuildPhase;
			buildActionMask = 2147483647;
			files = (
				BA82B77548378A2EC8FD717E /* Pods_CatsApp.framework in Frameworks */,
			);
			runOnlyForDeploymentPostprocessing = 0;
		};
		36A6A8ED2AAA019F0085F27C /* Frameworks */ = {
			isa = PBXFrameworksBuildPhase;
			buildActionMask = 2147483647;
			files = (
				48DC8F8D11EDBA96A0A61D97 /* Pods_CatsAppTests.framework in Frameworks */,
			);
			runOnlyForDeploymentPostprocessing = 0;
		};
		36A6A8F72AAA019F0085F27C /* Frameworks */ = {
			isa = PBXFrameworksBuildPhase;
			buildActionMask = 2147483647;
			files = (
				090815A3E8DD62CA7443652B /* Pods_CatsApp_CatsAppUITests.framework in Frameworks */,
			);
			runOnlyForDeploymentPostprocessing = 0;
		};
/* End PBXFrameworksBuildPhase section */

/* Begin PBXGroup section */
		363201B52AAB1D21009F6398 /* ViewModels */ = {
			isa = PBXGroup;
			children = (
				363201B62AAB2FF2009F6398 /* BreedListViewModel.swift */,
			);
			path = ViewModels;
			sourceTree = "<group>";
		};
		363201BE2AAB3FD9009F6398 /* Services */ = {
			isa = PBXGroup;
			children = (
				363201BF2AAB3FF9009F6398 /* BreedService.swift */,
				366DD8E72AAB98D9002FC206 /* NetworkService.swift */,
			);
			path = Services;
			sourceTree = "<group>";
		};
		36A6A8D72AAA019C0085F27C = {
			isa = PBXGroup;
			children = (
				36A6A8E22AAA019C0085F27C /* CatsApp */,
				36A6A8F32AAA019F0085F27C /* CatsAppTests */,
				36A6A8FD2AAA019F0085F27C /* CatsAppUITests */,
				36A6A8E12AAA019C0085F27C /* Products */,
				3B01CD0BBE0027793F26CDB2 /* Pods */,
				765638901C6E16527FA5B903 /* Frameworks */,
			);
			sourceTree = "<group>";
		};
		36A6A8E12AAA019C0085F27C /* Products */ = {
			isa = PBXGroup;
			children = (
				36A6A8E02AAA019C0085F27C /* CatsApp.app */,
				36A6A8F02AAA019F0085F27C /* CatsAppTests.xctest */,
				36A6A8FA2AAA019F0085F27C /* CatsAppUITests.xctest */,
			);
			name = Products;
			sourceTree = "<group>";
		};
		36A6A8E22AAA019C0085F27C /* CatsApp */ = {
			isa = PBXGroup;
			children = (
				36A6A9202AAA37A80085F27C /* Info.plist */,
				36A6A8E32AAA019C0085F27C /* CatsApp.swift */,
				36A6A91B2AAA2AA20085F27C /* Utilities */,
				36A6A90D2AAA022D0085F27C /* Models */,
				36A6A90E2AAA02360085F27C /* Repositories */,
				363201BE2AAB3FD9009F6398 /* Services */,
				363201B52AAB1D21009F6398 /* ViewModels */,
				36A6A90F2AAA02460085F27C /* UI */,
				36A6A8E72AAA019E0085F27C /* Assets.xcassets */,
				36A6A8E92AAA019E0085F27C /* Preview Content */,
				365B73C32AAC759500ABCAD3 /* Localizable.strings */,
			);
			path = CatsApp;
			sourceTree = "<group>";
		};
		36A6A8E92AAA019E0085F27C /* Preview Content */ = {
			isa = PBXGroup;
			children = (
				36A6A8EA2AAA019E0085F27C /* Preview Assets.xcassets */,
			);
			path = "Preview Content";
			sourceTree = "<group>";
		};
		36A6A8F32AAA019F0085F27C /* CatsAppTests */ = {
			isa = PBXGroup;
			children = (
				36A6A8F42AAA019F0085F27C /* BreedRemoteRepositoryTests.swift */,
				363201B92AAB3448009F6398 /* BreedLocalRepositoryTests.swift */,
				365C83162AAC686B00AB155E /* BreedServiceTests.swift */,
				363201AB2AAB0442009F6398 /* Mockable.swift */,
				363201A92AAB034B009F6398 /* BreedsResponse.json */,
				365C83142AAC61A800AB155E /* EmptyResponse.json */,
				363201AD2AAB067E009F6398 /* MockHttpClient.swift */,
				365C83182AAC68FD00AB155E /* MockLocalRepository.swift */,
			);
			path = CatsAppTests;
			sourceTree = "<group>";
		};
		36A6A8FD2AAA019F0085F27C /* CatsAppUITests */ = {
			isa = PBXGroup;
			children = (
				36A6A8FE2AAA019F0085F27C /* CatsAppUITests.swift */,
				36A6A9002AAA019F0085F27C /* CatsAppUITestsLaunchTests.swift */,
			);
			path = CatsAppUITests;
			sourceTree = "<group>";
		};
		36A6A90D2AAA022D0085F27C /* Models */ = {
			isa = PBXGroup;
			children = (
				36A6A9152AAA0CC50085F27C /* Breed.swift */,
			);
			path = Models;
			sourceTree = "<group>";
		};
		36A6A90E2AAA02360085F27C /* Repositories */ = {
			isa = PBXGroup;
			children = (
				36A6A9112AAA02590085F27C /* Local */,
				36A6A9102AAA02510085F27C /* Remote */,
			);
			path = Repositories;
			sourceTree = "<group>";
		};
		36A6A90F2AAA02460085F27C /* UI */ = {
			isa = PBXGroup;
			children = (
				36A6A8E52AAA019C0085F27C /* ContentView.swift */,
				363201C22AAB49F1009F6398 /* BreedsListView.swift */,
				366DD8E32AAB8C74002FC206 /* BreedItemView.swift */,
			);
			path = UI;
			sourceTree = "<group>";
		};
		36A6A9102AAA02510085F27C /* Remote */ = {
			isa = PBXGroup;
			children = (
				36A6A9192AAA29C40085F27C /* BreedRemoteRepository.swift */,
				366DD8E52AAB9408002FC206 /* ImagesRemoteRepository.swift */,
			);
			path = Remote;
			sourceTree = "<group>";
		};
		36A6A9112AAA02590085F27C /* Local */ = {
			isa = PBXGroup;
			children = (
				363201BB2AAB3FB6009F6398 /* LocalRepository.swift */,
				36A6A91E2AAA31920085F27C /* BreedLocalRepository.swift */,
			);
			path = Local;
			sourceTree = "<group>";
		};
		36A6A91B2AAA2AA20085F27C /* Utilities */ = {
			isa = PBXGroup;
			children = (
				36A6A91C2AAA2AB50085F27C /* APICall.swift */,
				36A6A9212AAA3A250085F27C /* Constants.swift */,
				363201B02AAB06E4009F6398 /* HttpClient.swift */,
				363201A72AAAFED5009F6398 /* NetworkError.swift */,
				365C83102AAC520600AB155E /* HttpCodes.swift */,
				365C83122AAC522300AB155E /* DataError.swift */,
			);
			path = Utilities;
			sourceTree = "<group>";
		};
		3B01CD0BBE0027793F26CDB2 /* Pods */ = {
			isa = PBXGroup;
			children = (
				E06CA7C18702E3928E2FBB23 /* Pods-CatsApp.debug.xcconfig */,
				1B41377E42F483C82FCD5CE2 /* Pods-CatsApp.release.xcconfig */,
				3590394F82E02AD21AF1C8A0 /* Pods-CatsApp-CatsAppUITests.debug.xcconfig */,
				ACC3194F6B023C7FFE8A8B7F /* Pods-CatsApp-CatsAppUITests.release.xcconfig */,
				3809E4D7389EF2DF531DAA4A /* Pods-CatsAppTests.debug.xcconfig */,
				021F8A02D06B7C19818544D5 /* Pods-CatsAppTests.release.xcconfig */,
			);
			path = Pods;
			sourceTree = "<group>";
		};
		765638901C6E16527FA5B903 /* Frameworks */ = {
			isa = PBXGroup;
			children = (
				EA7F29895D8A18E1BD8488A8 /* Pods_CatsApp.framework */,
				91BB35BE8C645D1CAD167D23 /* Pods_CatsApp_CatsAppUITests.framework */,
				61DC1DA54C1D850AA1C26073 /* Pods_CatsAppTests.framework */,
			);
			name = Frameworks;
			sourceTree = "<group>";
		};
/* End PBXGroup section */

/* Begin PBXNativeTarget section */
		36A6A8DF2AAA019C0085F27C /* CatsApp */ = {
			isa = PBXNativeTarget;
			buildConfigurationList = 36A6A9042AAA019F0085F27C /* Build configuration list for PBXNativeTarget "CatsApp" */;
			buildPhases = (
				E24427461EAD70CE7266571B /* [CP] Check Pods Manifest.lock */,
				36A6A8DC2AAA019C0085F27C /* Sources */,
				36A6A8DD2AAA019C0085F27C /* Frameworks */,
				36A6A8DE2AAA019C0085F27C /* Resources */,
				36A6A9142AAA08970085F27C /* SwiftLint */,
				02418092C4D5AF56CF099DF6 /* [CP] Embed Pods Frameworks */,
			);
			buildRules = (
			);
			dependencies = (
			);
			name = CatsApp;
			productName = CatsApp;
			productReference = 36A6A8E02AAA019C0085F27C /* CatsApp.app */;
			productType = "com.apple.product-type.application";
		};
		36A6A8EF2AAA019F0085F27C /* CatsAppTests */ = {
			isa = PBXNativeTarget;
			buildConfigurationList = 36A6A9072AAA019F0085F27C /* Build configuration list for PBXNativeTarget "CatsAppTests" */;
			buildPhases = (
				858BEB5E23DCB1850FD967FE /* [CP] Check Pods Manifest.lock */,
				36A6A8EC2AAA019F0085F27C /* Sources */,
				36A6A8ED2AAA019F0085F27C /* Frameworks */,
				36A6A8EE2AAA019F0085F27C /* Resources */,
			);
			buildRules = (
			);
			dependencies = (
				36A6A8F22AAA019F0085F27C /* PBXTargetDependency */,
			);
			name = CatsAppTests;
			productName = CatsAppTests;
			productReference = 36A6A8F02AAA019F0085F27C /* CatsAppTests.xctest */;
			productType = "com.apple.product-type.bundle.unit-test";
		};
		36A6A8F92AAA019F0085F27C /* CatsAppUITests */ = {
			isa = PBXNativeTarget;
			buildConfigurationList = 36A6A90A2AAA019F0085F27C /* Build configuration list for PBXNativeTarget "CatsAppUITests" */;
			buildPhases = (
				45CA44C96C005B2C30DB7EF7 /* [CP] Check Pods Manifest.lock */,
				36A6A8F62AAA019F0085F27C /* Sources */,
				36A6A8F72AAA019F0085F27C /* Frameworks */,
				36A6A8F82AAA019F0085F27C /* Resources */,
				6DFF193A36D6A057CEDEDA7B /* [CP] Embed Pods Frameworks */,
			);
			buildRules = (
			);
			dependencies = (
				36A6A8FC2AAA019F0085F27C /* PBXTargetDependency */,
			);
			name = CatsAppUITests;
			productName = CatsAppUITests;
			productReference = 36A6A8FA2AAA019F0085F27C /* CatsAppUITests.xctest */;
			productType = "com.apple.product-type.bundle.ui-testing";
		};
/* End PBXNativeTarget section */

/* Begin PBXProject section */
		36A6A8D82AAA019C0085F27C /* Project object */ = {
			isa = PBXProject;
			attributes = {
				BuildIndependentTargetsInParallel = 1;
				LastSwiftUpdateCheck = 1430;
				LastUpgradeCheck = 1430;
				TargetAttributes = {
					36A6A8DF2AAA019C0085F27C = {
						CreatedOnToolsVersion = 14.3.1;
					};
					36A6A8EF2AAA019F0085F27C = {
						CreatedOnToolsVersion = 14.3.1;
						TestTargetID = 36A6A8DF2AAA019C0085F27C;
					};
					36A6A8F92AAA019F0085F27C = {
						CreatedOnToolsVersion = 14.3.1;
						TestTargetID = 36A6A8DF2AAA019C0085F27C;
					};
				};
			};
			buildConfigurationList = 36A6A8DB2AAA019C0085F27C /* Build configuration list for PBXProject "CatsApp" */;
			compatibilityVersion = "Xcode 14.0";
			developmentRegion = en;
			hasScannedForEncodings = 0;
			knownRegions = (
				en,
				Base,
			);
			mainGroup = 36A6A8D72AAA019C0085F27C;
			productRefGroup = 36A6A8E12AAA019C0085F27C /* Products */;
			projectDirPath = "";
			projectRoot = "";
			targets = (
				36A6A8DF2AAA019C0085F27C /* CatsApp */,
				36A6A8EF2AAA019F0085F27C /* CatsAppTests */,
				36A6A8F92AAA019F0085F27C /* CatsAppUITests */,
			);
		};
/* End PBXProject section */

/* Begin PBXResourcesBuildPhase section */
		36A6A8DE2AAA019C0085F27C /* Resources */ = {
			isa = PBXResourcesBuildPhase;
			buildActionMask = 2147483647;
			files = (
				36A6A8EB2AAA019E0085F27C /* Preview Assets.xcassets in Resources */,
				365B73C12AAC759500ABCAD3 /* Localizable.strings in Resources */,
				36A6A8E82AAA019E0085F27C /* Assets.xcassets in Resources */,
			);
			runOnlyForDeploymentPostprocessing = 0;
		};
		36A6A8EE2AAA019F0085F27C /* Resources */ = {
			isa = PBXResourcesBuildPhase;
			buildActionMask = 2147483647;
			files = (
				363201AA2AAB034B009F6398 /* BreedsResponse.json in Resources */,
				365C83152AAC61A800AB155E /* EmptyResponse.json in Resources */,
			);
			runOnlyForDeploymentPostprocessing = 0;
		};
		36A6A8F82AAA019F0085F27C /* Resources */ = {
			isa = PBXResourcesBuildPhase;
			buildActionMask = 2147483647;
			files = (
			);
			runOnlyForDeploymentPostprocessing = 0;
		};
/* End PBXResourcesBuildPhase section */

/* Begin PBXShellScriptBuildPhase section */
		02418092C4D5AF56CF099DF6 /* [CP] Embed Pods Frameworks */ = {
			isa = PBXShellScriptBuildPhase;
			buildActionMask = 2147483647;
			files = (
			);
			inputFileListPaths = (
				"${PODS_ROOT}/Target Support Files/Pods-CatsApp/Pods-CatsApp-frameworks-${CONFIGURATION}-input-files.xcfilelist",
			);
			name = "[CP] Embed Pods Frameworks";
			outputFileListPaths = (
				"${PODS_ROOT}/Target Support Files/Pods-CatsApp/Pods-CatsApp-frameworks-${CONFIGURATION}-output-files.xcfilelist",
			);
			runOnlyForDeploymentPostprocessing = 0;
			shellPath = /bin/sh;
			shellScript = "\"${PODS_ROOT}/Target Support Files/Pods-CatsApp/Pods-CatsApp-frameworks.sh\"\n";
			showEnvVarsInLog = 0;
		};
		36A6A9142AAA08970085F27C /* SwiftLint */ = {
			isa = PBXShellScriptBuildPhase;
			alwaysOutOfDate = 1;
			buildActionMask = 2147483647;
			files = (
			);
			inputFileListPaths = (
			);
			inputPaths = (
			);
			name = SwiftLint;
			outputFileListPaths = (
			);
			outputPaths = (
			);
			runOnlyForDeploymentPostprocessing = 0;
			shellPath = /bin/sh;
			shellScript = "if which swiftlint >/dev/null; then\n  swiftlint\nelse\n  echo \"warning: SwiftLint not installed, download from https://github.com/realm/SwiftLint\"\nfi\n";
		};
		45CA44C96C005B2C30DB7EF7 /* [CP] Check Pods Manifest.lock */ = {
			isa = PBXShellScriptBuildPhase;
			buildActionMask = 2147483647;
			files = (
			);
			inputFileListPaths = (
			);
			inputPaths = (
				"${PODS_PODFILE_DIR_PATH}/Podfile.lock",
				"${PODS_ROOT}/Manifest.lock",
			);
			name = "[CP] Check Pods Manifest.lock";
			outputFileListPaths = (
			);
			outputPaths = (
				"$(DERIVED_FILE_DIR)/Pods-CatsApp-CatsAppUITests-checkManifestLockResult.txt",
			);
			runOnlyForDeploymentPostprocessing = 0;
			shellPath = /bin/sh;
			shellScript = "diff \"${PODS_PODFILE_DIR_PATH}/Podfile.lock\" \"${PODS_ROOT}/Manifest.lock\" > /dev/null\nif [ $? != 0 ] ; then\n    # print error to STDERR\n    echo \"error: The sandbox is not in sync with the Podfile.lock. Run 'pod install' or update your CocoaPods installation.\" >&2\n    exit 1\nfi\n# This output is used by Xcode 'outputs' to avoid re-running this script phase.\necho \"SUCCESS\" > \"${SCRIPT_OUTPUT_FILE_0}\"\n";
			showEnvVarsInLog = 0;
		};
		6DFF193A36D6A057CEDEDA7B /* [CP] Embed Pods Frameworks */ = {
			isa = PBXShellScriptBuildPhase;
			buildActionMask = 2147483647;
			files = (
			);
			inputFileListPaths = (
				"${PODS_ROOT}/Target Support Files/Pods-CatsApp-CatsAppUITests/Pods-CatsApp-CatsAppUITests-frameworks-${CONFIGURATION}-input-files.xcfilelist",
			);
			name = "[CP] Embed Pods Frameworks";
			outputFileListPaths = (
				"${PODS_ROOT}/Target Support Files/Pods-CatsApp-CatsAppUITests/Pods-CatsApp-CatsAppUITests-frameworks-${CONFIGURATION}-output-files.xcfilelist",
			);
			runOnlyForDeploymentPostprocessing = 0;
			shellPath = /bin/sh;
			shellScript = "\"${PODS_ROOT}/Target Support Files/Pods-CatsApp-CatsAppUITests/Pods-CatsApp-CatsAppUITests-frameworks.sh\"\n";
			showEnvVarsInLog = 0;
		};
		858BEB5E23DCB1850FD967FE /* [CP] Check Pods Manifest.lock */ = {
			isa = PBXShellScriptBuildPhase;
			buildActionMask = 2147483647;
			files = (
			);
			inputFileListPaths = (
			);
			inputPaths = (
				"${PODS_PODFILE_DIR_PATH}/Podfile.lock",
				"${PODS_ROOT}/Manifest.lock",
			);
			name = "[CP] Check Pods Manifest.lock";
			outputFileListPaths = (
			);
			outputPaths = (
				"$(DERIVED_FILE_DIR)/Pods-CatsAppTests-checkManifestLockResult.txt",
			);
			runOnlyForDeploymentPostprocessing = 0;
			shellPath = /bin/sh;
			shellScript = "diff \"${PODS_PODFILE_DIR_PATH}/Podfile.lock\" \"${PODS_ROOT}/Manifest.lock\" > /dev/null\nif [ $? != 0 ] ; then\n    # print error to STDERR\n    echo \"error: The sandbox is not in sync with the Podfile.lock. Run 'pod install' or update your CocoaPods installation.\" >&2\n    exit 1\nfi\n# This output is used by Xcode 'outputs' to avoid re-running this script phase.\necho \"SUCCESS\" > \"${SCRIPT_OUTPUT_FILE_0}\"\n";
			showEnvVarsInLog = 0;
		};
		E24427461EAD70CE7266571B /* [CP] Check Pods Manifest.lock */ = {
			isa = PBXShellScriptBuildPhase;
			buildActionMask = 2147483647;
			files = (
			);
			inputFileListPaths = (
			);
			inputPaths = (
				"${PODS_PODFILE_DIR_PATH}/Podfile.lock",
				"${PODS_ROOT}/Manifest.lock",
			);
			name = "[CP] Check Pods Manifest.lock";
			outputFileListPaths = (
			);
			outputPaths = (
				"$(DERIVED_FILE_DIR)/Pods-CatsApp-checkManifestLockResult.txt",
			);
			runOnlyForDeploymentPostprocessing = 0;
			shellPath = /bin/sh;
			shellScript = "diff \"${PODS_PODFILE_DIR_PATH}/Podfile.lock\" \"${PODS_ROOT}/Manifest.lock\" > /dev/null\nif [ $? != 0 ] ; then\n    # print error to STDERR\n    echo \"error: The sandbox is not in sync with the Podfile.lock. Run 'pod install' or update your CocoaPods installation.\" >&2\n    exit 1\nfi\n# This output is used by Xcode 'outputs' to avoid re-running this script phase.\necho \"SUCCESS\" > \"${SCRIPT_OUTPUT_FILE_0}\"\n";
			showEnvVarsInLog = 0;
		};
/* End PBXShellScriptBuildPhase section */

/* Begin PBXSourcesBuildPhase section */
		36A6A8DC2AAA019C0085F27C /* Sources */ = {
			isa = PBXSourcesBuildPhase;
			buildActionMask = 2147483647;
			files = (
				36A6A91F2AAA31920085F27C /* BreedLocalRepository.swift in Sources */,
				36A6A9162AAA0CC50085F27C /* Breed.swift in Sources */,
				363201C32AAB49F1009F6398 /* BreedsListView.swift in Sources */,
				363201BC2AAB3FB6009F6398 /* LocalRepository.swift in Sources */,
				36A6A91D2AAA2AB50085F27C /* APICall.swift in Sources */,
				36A6A8E62AAA019C0085F27C /* ContentView.swift in Sources */,
				365C83132AAC522300AB155E /* DataError.swift in Sources */,
				363201B12AAB06E4009F6398 /* HttpClient.swift in Sources */,
				36A6A8E42AAA019C0085F27C /* CatsApp.swift in Sources */,
				366DD8E62AAB9408002FC206 /* ImagesRemoteRepository.swift in Sources */,
				363201A82AAAFED5009F6398 /* NetworkError.swift in Sources */,
				366DD8E82AAB98D9002FC206 /* NetworkService.swift in Sources */,
				363201C02AAB3FF9009F6398 /* BreedService.swift in Sources */,
				366DD8E42AAB8C74002FC206 /* BreedItemView.swift in Sources */,
				36A6A91A2AAA29C40085F27C /* BreedRemoteRepository.swift in Sources */,
				36A6A9222AAA3A250085F27C /* Constants.swift in Sources */,
				365C83112AAC520600AB155E /* HttpCodes.swift in Sources */,
				363201B72AAB2FF2009F6398 /* BreedListViewModel.swift in Sources */,
			);
			runOnlyForDeploymentPostprocessing = 0;
		};
		36A6A8EC2AAA019F0085F27C /* Sources */ = {
			isa = PBXSourcesBuildPhase;
			buildActionMask = 2147483647;
			files = (
				363201B42AAB187E009F6398 /* MockHttpClient.swift in Sources */,
				365C83192AAC68FD00AB155E /* MockLocalRepository.swift in Sources */,
				363201BA2AAB3448009F6398 /* BreedLocalRepositoryTests.swift in Sources */,
				365C83172AAC686B00AB155E /* BreedServiceTests.swift in Sources */,
				36A6A8F52AAA019F0085F27C /* BreedRemoteRepositoryTests.swift in Sources */,
				363201AC2AAB0442009F6398 /* Mockable.swift in Sources */,
			);
			runOnlyForDeploymentPostprocessing = 0;
		};
		36A6A8F62AAA019F0085F27C /* Sources */ = {
			isa = PBXSourcesBuildPhase;
			buildActionMask = 2147483647;
			files = (
				36A6A8FF2AAA019F0085F27C /* CatsAppUITests.swift in Sources */,
				36A6A9012AAA019F0085F27C /* CatsAppUITestsLaunchTests.swift in Sources */,
			);
			runOnlyForDeploymentPostprocessing = 0;
		};
/* End PBXSourcesBuildPhase section */

/* Begin PBXTargetDependency section */
		36A6A8F22AAA019F0085F27C /* PBXTargetDependency */ = {
			isa = PBXTargetDependency;
			target = 36A6A8DF2AAA019C0085F27C /* CatsApp */;
			targetProxy = 36A6A8F12AAA019F0085F27C /* PBXContainerItemProxy */;
		};
		36A6A8FC2AAA019F0085F27C /* PBXTargetDependency */ = {
			isa = PBXTargetDependency;
			target = 36A6A8DF2AAA019C0085F27C /* CatsApp */;
			targetProxy = 36A6A8FB2AAA019F0085F27C /* PBXContainerItemProxy */;
		};
/* End PBXTargetDependency section */

/* Begin PBXVariantGroup section */
		365B73C32AAC759500ABCAD3 /* Localizable.strings */ = {
			isa = PBXVariantGroup;
			children = (
				365B73C22AAC759500ABCAD3 /* en */,
			);
			name = Localizable.strings;
			sourceTree = "<group>";
		};
/* End PBXVariantGroup section */

/* Begin XCBuildConfiguration section */
		36A6A9022AAA019F0085F27C /* Debug */ = {
			isa = XCBuildConfiguration;
			buildSettings = {
				ALWAYS_SEARCH_USER_PATHS = NO;
				CLANG_ANALYZER_NONNULL = YES;
				CLANG_ANALYZER_NUMBER_OBJECT_CONVERSION = YES_AGGRESSIVE;
				CLANG_CXX_LANGUAGE_STANDARD = "gnu++20";
				CLANG_ENABLE_MODULES = YES;
				CLANG_ENABLE_OBJC_ARC = YES;
				CLANG_ENABLE_OBJC_WEAK = YES;
				CLANG_WARN_BLOCK_CAPTURE_AUTORELEASING = YES;
				CLANG_WARN_BOOL_CONVERSION = YES;
				CLANG_WARN_COMMA = YES;
				CLANG_WARN_CONSTANT_CONVERSION = YES;
				CLANG_WARN_DEPRECATED_OBJC_IMPLEMENTATIONS = YES;
				CLANG_WARN_DIRECT_OBJC_ISA_USAGE = YES_ERROR;
				CLANG_WARN_DOCUMENTATION_COMMENTS = YES;
				CLANG_WARN_EMPTY_BODY = YES;
				CLANG_WARN_ENUM_CONVERSION = YES;
				CLANG_WARN_INFINITE_RECURSION = YES;
				CLANG_WARN_INT_CONVERSION = YES;
				CLANG_WARN_NON_LITERAL_NULL_CONVERSION = YES;
				CLANG_WARN_OBJC_IMPLICIT_RETAIN_SELF = YES;
				CLANG_WARN_OBJC_LITERAL_CONVERSION = YES;
				CLANG_WARN_OBJC_ROOT_CLASS = YES_ERROR;
				CLANG_WARN_QUOTED_INCLUDE_IN_FRAMEWORK_HEADER = YES;
				CLANG_WARN_RANGE_LOOP_ANALYSIS = YES;
				CLANG_WARN_STRICT_PROTOTYPES = YES;
				CLANG_WARN_SUSPICIOUS_MOVE = YES;
				CLANG_WARN_UNGUARDED_AVAILABILITY = YES_AGGRESSIVE;
				CLANG_WARN_UNREACHABLE_CODE = YES;
				CLANG_WARN__DUPLICATE_METHOD_MATCH = YES;
				COPY_PHASE_STRIP = NO;
				DEBUG_INFORMATION_FORMAT = dwarf;
				ENABLE_STRICT_OBJC_MSGSEND = YES;
				ENABLE_TESTABILITY = YES;
				GCC_C_LANGUAGE_STANDARD = gnu11;
				GCC_DYNAMIC_NO_PIC = NO;
				GCC_NO_COMMON_BLOCKS = YES;
				GCC_OPTIMIZATION_LEVEL = 0;
				GCC_PREPROCESSOR_DEFINITIONS = (
					"DEBUG=1",
					"$(inherited)",
				);
				GCC_WARN_64_TO_32_BIT_CONVERSION = YES;
				GCC_WARN_ABOUT_RETURN_TYPE = YES_ERROR;
				GCC_WARN_UNDECLARED_SELECTOR = YES;
				GCC_WARN_UNINITIALIZED_AUTOS = YES_AGGRESSIVE;
				GCC_WARN_UNUSED_FUNCTION = YES;
				GCC_WARN_UNUSED_VARIABLE = YES;
				IPHONEOS_DEPLOYMENT_TARGET = 16.0;
				MTL_ENABLE_DEBUG_INFO = INCLUDE_SOURCE;
				MTL_FAST_MATH = YES;
				ONLY_ACTIVE_ARCH = YES;
				SDKROOT = iphoneos;
				SWIFT_ACTIVE_COMPILATION_CONDITIONS = DEBUG;
				SWIFT_OPTIMIZATION_LEVEL = "-Onone";
			};
			name = Debug;
		};
		36A6A9032AAA019F0085F27C /* Release */ = {
			isa = XCBuildConfiguration;
			buildSettings = {
				ALWAYS_SEARCH_USER_PATHS = NO;
				CLANG_ANALYZER_NONNULL = YES;
				CLANG_ANALYZER_NUMBER_OBJECT_CONVERSION = YES_AGGRESSIVE;
				CLANG_CXX_LANGUAGE_STANDARD = "gnu++20";
				CLANG_ENABLE_MODULES = YES;
				CLANG_ENABLE_OBJC_ARC = YES;
				CLANG_ENABLE_OBJC_WEAK = YES;
				CLANG_WARN_BLOCK_CAPTURE_AUTORELEASING = YES;
				CLANG_WARN_BOOL_CONVERSION = YES;
				CLANG_WARN_COMMA = YES;
				CLANG_WARN_CONSTANT_CONVERSION = YES;
				CLANG_WARN_DEPRECATED_OBJC_IMPLEMENTATIONS = YES;
				CLANG_WARN_DIRECT_OBJC_ISA_USAGE = YES_ERROR;
				CLANG_WARN_DOCUMENTATION_COMMENTS = YES;
				CLANG_WARN_EMPTY_BODY = YES;
				CLANG_WARN_ENUM_CONVERSION = YES;
				CLANG_WARN_INFINITE_RECURSION = YES;
				CLANG_WARN_INT_CONVERSION = YES;
				CLANG_WARN_NON_LITERAL_NULL_CONVERSION = YES;
				CLANG_WARN_OBJC_IMPLICIT_RETAIN_SELF = YES;
				CLANG_WARN_OBJC_LITERAL_CONVERSION = YES;
				CLANG_WARN_OBJC_ROOT_CLASS = YES_ERROR;
				CLANG_WARN_QUOTED_INCLUDE_IN_FRAMEWORK_HEADER = YES;
				CLANG_WARN_RANGE_LOOP_ANALYSIS = YES;
				CLANG_WARN_STRICT_PROTOTYPES = YES;
				CLANG_WARN_SUSPICIOUS_MOVE = YES;
				CLANG_WARN_UNGUARDED_AVAILABILITY = YES_AGGRESSIVE;
				CLANG_WARN_UNREACHABLE_CODE = YES;
				CLANG_WARN__DUPLICATE_METHOD_MATCH = YES;
				COPY_PHASE_STRIP = NO;
				DEBUG_INFORMATION_FORMAT = "dwarf-with-dsym";
				ENABLE_NS_ASSERTIONS = NO;
				ENABLE_STRICT_OBJC_MSGSEND = YES;
				GCC_C_LANGUAGE_STANDARD = gnu11;
				GCC_NO_COMMON_BLOCKS = YES;
				GCC_WARN_64_TO_32_BIT_CONVERSION = YES;
				GCC_WARN_ABOUT_RETURN_TYPE = YES_ERROR;
				GCC_WARN_UNDECLARED_SELECTOR = YES;
				GCC_WARN_UNINITIALIZED_AUTOS = YES_AGGRESSIVE;
				GCC_WARN_UNUSED_FUNCTION = YES;
				GCC_WARN_UNUSED_VARIABLE = YES;
				IPHONEOS_DEPLOYMENT_TARGET = 16.0;
				MTL_ENABLE_DEBUG_INFO = NO;
				MTL_FAST_MATH = YES;
				SDKROOT = iphoneos;
				SWIFT_COMPILATION_MODE = wholemodule;
				SWIFT_OPTIMIZATION_LEVEL = "-O";
				VALIDATE_PRODUCT = YES;
			};
			name = Release;
		};
		36A6A9052AAA019F0085F27C /* Debug */ = {
			isa = XCBuildConfiguration;
			baseConfigurationReference = E06CA7C18702E3928E2FBB23 /* Pods-CatsApp.debug.xcconfig */;
			buildSettings = {
				API_BASE_URL_ENDPOINT = api.thecatapi.com;
				API_KEY = live_15Ifea2pzp9Msfq6Laom9scVfJRcJC1cwqjLkcmVto36a6aShdOXUu8tQK4e69A5;
				ASSETCATALOG_COMPILER_APPICON_NAME = AppIcon;
				ASSETCATALOG_COMPILER_GLOBAL_ACCENT_COLOR_NAME = AccentColor;
				CODE_SIGN_STYLE = Automatic;
				CURRENT_PROJECT_VERSION = 1;
				DEVELOPMENT_ASSET_PATHS = "\"CatsApp/Preview Content\"";
				ENABLE_PREVIEWS = YES;
				GENERATE_INFOPLIST_FILE = YES;
				INFOPLIST_FILE = CatsApp/Info.plist;
				INFOPLIST_KEY_CFBundleDisplayName = CatsApp;
				INFOPLIST_KEY_UIApplicationSceneManifest_Generation = YES;
				INFOPLIST_KEY_UIApplicationSupportsIndirectInputEvents = YES;
				INFOPLIST_KEY_UILaunchScreen_Generation = YES;
				INFOPLIST_KEY_UISupportedInterfaceOrientations = UIInterfaceOrientationPortrait;
				INFOPLIST_KEY_UISupportedInterfaceOrientations_iPad = "UIInterfaceOrientationLandscapeLeft UIInterfaceOrientationLandscapeRight UIInterfaceOrientationPortrait UIInterfaceOrientationPortraitUpsideDown";
				IPHONEOS_DEPLOYMENT_TARGET = 16.0;
				LD_RUNPATH_SEARCH_PATHS = (
					"$(inherited)",
					"@executable_path/Frameworks",
				);
				MARKETING_VERSION = 1.0.0;
				PRODUCT_BUNDLE_IDENTIFIER = com.cecile.cadoul.CatsApp;
				PRODUCT_NAME = "$(TARGET_NAME)";
				SUPPORTED_PLATFORMS = "iphoneos iphonesimulator";
				SUPPORTS_MACCATALYST = NO;
				SUPPORTS_MAC_DESIGNED_FOR_IPHONE_IPAD = YES;
				SWIFT_EMIT_LOC_STRINGS = YES;
				SWIFT_VERSION = 5.0;
				TARGETED_DEVICE_FAMILY = 1;
			};
			name = Debug;
		};
		36A6A9062AAA019F0085F27C /* Release */ = {
			isa = XCBuildConfiguration;
			baseConfigurationReference = 1B41377E42F483C82FCD5CE2 /* Pods-CatsApp.release.xcconfig */;
			buildSettings = {
				API_BASE_URL_ENDPOINT = api.thecatapi.com;
				API_KEY = live_15Ifea2pzp9Msfq6Laom9scVfJRcJC1cwqjLkcmVto36a6aShdOXUu8tQK4e69A5;
				ASSETCATALOG_COMPILER_APPICON_NAME = AppIcon;
				ASSETCATALOG_COMPILER_GLOBAL_ACCENT_COLOR_NAME = AccentColor;
				CODE_SIGN_STYLE = Automatic;
				CURRENT_PROJECT_VERSION = 1;
				DEVELOPMENT_ASSET_PATHS = "\"CatsApp/Preview Content\"";
				ENABLE_PREVIEWS = YES;
				GENERATE_INFOPLIST_FILE = YES;
				INFOPLIST_FILE = CatsApp/Info.plist;
				INFOPLIST_KEY_CFBundleDisplayName = CatsApp;
				INFOPLIST_KEY_UIApplicationSceneManifest_Generation = YES;
				INFOPLIST_KEY_UIApplicationSupportsIndirectInputEvents = YES;
				INFOPLIST_KEY_UILaunchScreen_Generation = YES;
				INFOPLIST_KEY_UISupportedInterfaceOrientations = UIInterfaceOrientationPortrait;
				INFOPLIST_KEY_UISupportedInterfaceOrientations_iPad = "UIInterfaceOrientationLandscapeLeft UIInterfaceOrientationLandscapeRight UIInterfaceOrientationPortrait UIInterfaceOrientationPortraitUpsideDown";
				IPHONEOS_DEPLOYMENT_TARGET = 16.0;
				LD_RUNPATH_SEARCH_PATHS = (
					"$(inherited)",
					"@executable_path/Frameworks",
				);
				MARKETING_VERSION = 1.0.0;
				PRODUCT_BUNDLE_IDENTIFIER = com.cecile.cadoul.CatsApp;
				PRODUCT_NAME = "$(TARGET_NAME)";
				SUPPORTED_PLATFORMS = "iphoneos iphonesimulator";
				SUPPORTS_MACCATALYST = NO;
				SUPPORTS_MAC_DESIGNED_FOR_IPHONE_IPAD = YES;
				SWIFT_EMIT_LOC_STRINGS = YES;
				SWIFT_VERSION = 5.0;
				TARGETED_DEVICE_FAMILY = 1;
			};
			name = Release;
		};
		36A6A9082AAA019F0085F27C /* Debug */ = {
			isa = XCBuildConfiguration;
			baseConfigurationReference = 3809E4D7389EF2DF531DAA4A /* Pods-CatsAppTests.debug.xcconfig */;
			buildSettings = {
				ALWAYS_EMBED_SWIFT_STANDARD_LIBRARIES = YES;
				BUNDLE_LOADER = "$(TEST_HOST)";
				CODE_SIGN_STYLE = Automatic;
				CURRENT_PROJECT_VERSION = 1;
				GENERATE_INFOPLIST_FILE = YES;
				IPHONEOS_DEPLOYMENT_TARGET = 16.4;
				MARKETING_VERSION = 1.0;
				PRODUCT_BUNDLE_IDENTIFIER = com.cecile.cadoul.CatsAppTests;
				PRODUCT_NAME = "$(TARGET_NAME)";
				SWIFT_EMIT_LOC_STRINGS = NO;
				SWIFT_VERSION = 5.0;
				TARGETED_DEVICE_FAMILY = "1,2";
				TEST_HOST = "$(BUILT_PRODUCTS_DIR)/CatsApp.app/$(BUNDLE_EXECUTABLE_FOLDER_PATH)/CatsApp";
			};
			name = Debug;
		};
		36A6A9092AAA019F0085F27C /* Release */ = {
			isa = XCBuildConfiguration;
			baseConfigurationReference = 021F8A02D06B7C19818544D5 /* Pods-CatsAppTests.release.xcconfig */;
			buildSettings = {
				ALWAYS_EMBED_SWIFT_STANDARD_LIBRARIES = YES;
				BUNDLE_LOADER = "$(TEST_HOST)";
				CODE_SIGN_STYLE = Automatic;
				CURRENT_PROJECT_VERSION = 1;
				GENERATE_INFOPLIST_FILE = YES;
				IPHONEOS_DEPLOYMENT_TARGET = 16.4;
				MARKETING_VERSION = 1.0;
				PRODUCT_BUNDLE_IDENTIFIER = com.cecile.cadoul.CatsAppTests;
				PRODUCT_NAME = "$(TARGET_NAME)";
				SWIFT_EMIT_LOC_STRINGS = NO;
				SWIFT_VERSION = 5.0;
				TARGETED_DEVICE_FAMILY = "1,2";
				TEST_HOST = "$(BUILT_PRODUCTS_DIR)/CatsApp.app/$(BUNDLE_EXECUTABLE_FOLDER_PATH)/CatsApp";
			};
			name = Release;
		};
		36A6A90B2AAA019F0085F27C /* Debug */ = {
			isa = XCBuildConfiguration;
			baseConfigurationReference = 3590394F82E02AD21AF1C8A0 /* Pods-CatsApp-CatsAppUITests.debug.xcconfig */;
			buildSettings = {
				ALWAYS_EMBED_SWIFT_STANDARD_LIBRARIES = "$(inherited)";
				CODE_SIGN_STYLE = Automatic;
				CURRENT_PROJECT_VERSION = 1;
				GENERATE_INFOPLIST_FILE = YES;
				MARKETING_VERSION = 1.0;
				PRODUCT_BUNDLE_IDENTIFIER = com.cecile.cadoul.CatsAppUITests;
				PRODUCT_NAME = "$(TARGET_NAME)";
				SWIFT_EMIT_LOC_STRINGS = NO;
				SWIFT_VERSION = 5.0;
				TARGETED_DEVICE_FAMILY = "1,2";
				TEST_TARGET_NAME = CatsApp;
			};
			name = Debug;
		};
		36A6A90C2AAA019F0085F27C /* Release */ = {
			isa = XCBuildConfiguration;
			baseConfigurationReference = ACC3194F6B023C7FFE8A8B7F /* Pods-CatsApp-CatsAppUITests.release.xcconfig */;
			buildSettings = {
				ALWAYS_EMBED_SWIFT_STANDARD_LIBRARIES = "$(inherited)";
				CODE_SIGN_STYLE = Automatic;
				CURRENT_PROJECT_VERSION = 1;
				GENERATE_INFOPLIST_FILE = YES;
				MARKETING_VERSION = 1.0;
				PRODUCT_BUNDLE_IDENTIFIER = com.cecile.cadoul.CatsAppUITests;
				PRODUCT_NAME = "$(TARGET_NAME)";
				SWIFT_EMIT_LOC_STRINGS = NO;
				SWIFT_VERSION = 5.0;
				TARGETED_DEVICE_FAMILY = "1,2";
				TEST_TARGET_NAME = CatsApp;
			};
			name = Release;
		};
/* End XCBuildConfiguration section */

/* Begin XCConfigurationList section */
		36A6A8DB2AAA019C0085F27C /* Build configuration list for PBXProject "CatsApp" */ = {
			isa = XCConfigurationList;
			buildConfigurations = (
				36A6A9022AAA019F0085F27C /* Debug */,
				36A6A9032AAA019F0085F27C /* Release */,
			);
			defaultConfigurationIsVisible = 0;
			defaultConfigurationName = Release;
		};
		36A6A9042AAA019F0085F27C /* Build configuration list for PBXNativeTarget "CatsApp" */ = {
			isa = XCConfigurationList;
			buildConfigurations = (
				36A6A9052AAA019F0085F27C /* Debug */,
				36A6A9062AAA019F0085F27C /* Release */,
			);
			defaultConfigurationIsVisible = 0;
			defaultConfigurationName = Release;
		};
		36A6A9072AAA019F0085F27C /* Build configuration list for PBXNativeTarget "CatsAppTests" */ = {
			isa = XCConfigurationList;
			buildConfigurations = (
				36A6A9082AAA019F0085F27C /* Debug */,
				36A6A9092AAA019F0085F27C /* Release */,
			);
			defaultConfigurationIsVisible = 0;
			defaultConfigurationName = Release;
		};
		36A6A90A2AAA019F0085F27C /* Build configuration list for PBXNativeTarget "CatsAppUITests" */ = {
			isa = XCConfigurationList;
			buildConfigurations = (
				36A6A90B2AAA019F0085F27C /* Debug */,
				36A6A90C2AAA019F0085F27C /* Release */,
			);
			defaultConfigurationIsVisible = 0;
			defaultConfigurationName = Release;
		};
/* End XCConfigurationList section */
	};
	rootObject = 36A6A8D82AAA019C0085F27C /* Project object */;
}
